
Microsoft Visual Studio Solution File, Format Version 12.00
# Visual Studio 15
VisualStudioVersion = 15.0.26124.0
MinimumVisualStudioVersion = 15.0.26124.0
Project("{9A19103F-16F7-4668-BE54-9A1E7A4F7556}") = "Chronicle", "Chronicle\Chronicle.csproj", "{04B4EFDC-54CE-4ACD-9295-9029D9556958}"
EndProject
Project("{9A19103F-16F7-4668-BE54-9A1E7A4F7556}") = "TestApp", "TestApp\TestApp.csproj", "{27747C67-4E52-4467-8DCD-7C36D231B094}"
EndProject
Project("{9A19103F-16F7-4668-BE54-9A1E7A4F7556}") = "Chronicle.Tests", "Chronicle.Tests\Chronicle.Tests.csproj", "{0B686327-6650-4589-8DC9-6FCCFDCB24DB}"
EndProject
Project("{FAE04EC0-301F-11D3-BF4B-00C04F79EFBC}") = "Chronicle.Integrations.MongoDB", "Chronicle.Integrations.MongoDB\src\Chronicle.Integrations.MongoDB.csproj", "{DFB344D1-3121-43F9-9E66-20BC6B0DD9CC}"
EndProject
Global
	GlobalSection(SolutionConfigurationPlatforms) = preSolution
		Debug|Any CPU = Debug|Any CPU
		Debug|x64 = Debug|x64
		Debug|x86 = Debug|x86
		Release|Any CPU = Release|Any CPU
		Release|x64 = Release|x64
		Release|x86 = Release|x86
	EndGlobalSection
	GlobalSection(ProjectConfigurationPlatforms) = postSolution
		{04B4EFDC-54CE-4ACD-9295-9029D9556958}.Debug|Any CPU.ActiveCfg = Debug|Any CPU
		{04B4EFDC-54CE-4ACD-9295-9029D9556958}.Debug|Any CPU.Build.0 = Debug|Any CPU
		{04B4EFDC-54CE-4ACD-9295-9029D9556958}.Debug|x64.ActiveCfg = Debug|Any CPU
		{04B4EFDC-54CE-4ACD-9295-9029D9556958}.Debug|x64.Build.0 = Debug|Any CPU
		{04B4EFDC-54CE-4ACD-9295-9029D9556958}.Debug|x86.ActiveCfg = Debug|Any CPU
		{04B4EFDC-54CE-4ACD-9295-9029D9556958}.Debug|x86.Build.0 = Debug|Any CPU
		{04B4EFDC-54CE-4ACD-9295-9029D9556958}.Release|Any CPU.ActiveCfg = Release|Any CPU
		{04B4EFDC-54CE-4ACD-9295-9029D9556958}.Release|Any CPU.Build.0 = Release|Any CPU
		{04B4EFDC-54CE-4ACD-9295-9029D9556958}.Release|x64.ActiveCfg = Release|Any CPU
		{04B4EFDC-54CE-4ACD-9295-9029D9556958}.Release|x64.Build.0 = Release|Any CPU
		{04B4EFDC-54CE-4ACD-9295-9029D9556958}.Release|x86.ActiveCfg = Release|Any CPU
		{04B4EFDC-54CE-4ACD-9295-9029D9556958}.Release|x86.Build.0 = Release|Any CPU
		{27747C67-4E52-4467-8DCD-7C36D231B094}.Debug|Any CPU.ActiveCfg = Debug|Any CPU
		{27747C67-4E52-4467-8DCD-7C36D231B094}.Debug|Any CPU.Build.0 = Debug|Any CPU
		{27747C67-4E52-4467-8DCD-7C36D231B094}.Debug|x64.ActiveCfg = Debug|Any CPU
		{27747C67-4E52-4467-8DCD-7C36D231B094}.Debug|x64.Build.0 = Debug|Any CPU
		{27747C67-4E52-4467-8DCD-7C36D231B094}.Debug|x86.ActiveCfg = Debug|Any CPU
		{27747C67-4E52-4467-8DCD-7C36D231B094}.Debug|x86.Build.0 = Debug|Any CPU
		{27747C67-4E52-4467-8DCD-7C36D231B094}.Release|Any CPU.ActiveCfg = Release|Any CPU
		{27747C67-4E52-4467-8DCD-7C36D231B094}.Release|Any CPU.Build.0 = Release|Any CPU
		{27747C67-4E52-4467-8DCD-7C36D231B094}.Release|x64.ActiveCfg = Release|Any CPU
		{27747C67-4E52-4467-8DCD-7C36D231B094}.Release|x64.Build.0 = Release|Any CPU
		{27747C67-4E52-4467-8DCD-7C36D231B094}.Release|x86.ActiveCfg = Release|Any CPU
		{27747C67-4E52-4467-8DCD-7C36D231B094}.Release|x86.Build.0 = Release|Any CPU
		{0B686327-6650-4589-8DC9-6FCCFDCB24DB}.Debug|Any CPU.ActiveCfg = Debug|Any CPU
		{0B686327-6650-4589-8DC9-6FCCFDCB24DB}.Debug|Any CPU.Build.0 = Debug|Any CPU
		{0B686327-6650-4589-8DC9-6FCCFDCB24DB}.Debug|x64.ActiveCfg = Debug|Any CPU
		{0B686327-6650-4589-8DC9-6FCCFDCB24DB}.Debug|x64.Build.0 = Debug|Any CPU
		{0B686327-6650-4589-8DC9-6FCCFDCB24DB}.Debug|x86.ActiveCfg = Debug|Any CPU
		{0B686327-6650-4589-8DC9-6FCCFDCB24DB}.Debug|x86.Build.0 = Debug|Any CPU
		{0B686327-6650-4589-8DC9-6FCCFDCB24DB}.Release|Any CPU.ActiveCfg = Release|Any CPU
		{0B686327-6650-4589-8DC9-6FCCFDCB24DB}.Release|Any CPU.Build.0 = Release|Any CPU
		{0B686327-6650-4589-8DC9-6FCCFDCB24DB}.Release|x64.ActiveCfg = Release|Any CPU
		{0B686327-6650-4589-8DC9-6FCCFDCB24DB}.Release|x64.Build.0 = Release|Any CPU
		{0B686327-6650-4589-8DC9-6FCCFDCB24DB}.Release|x86.ActiveCfg = Release|Any CPU
		{0B686327-6650-4589-8DC9-6FCCFDCB24DB}.Release|x86.Build.0 = Release|Any CPU
		{DFB344D1-3121-43F9-9E66-20BC6B0DD9CC}.Debug|Any CPU.ActiveCfg = Debug|Any CPU
		{DFB344D1-3121-43F9-9E66-20BC6B0DD9CC}.Debug|Any CPU.Build.0 = Debug|Any CPU
		{DFB344D1-3121-43F9-9E66-20BC6B0DD9CC}.Debug|x64.ActiveCfg = Debug|Any CPU
		{DFB344D1-3121-43F9-9E66-20BC6B0DD9CC}.Debug|x64.Build.0 = Debug|Any CPU
		{DFB344D1-3121-43F9-9E66-20BC6B0DD9CC}.Debug|x86.ActiveCfg = Debug|Any CPU
		{DFB344D1-3121-43F9-9E66-20BC6B0DD9CC}.Debug|x86.Build.0 = Debug|Any CPU
		{DFB344D1-3121-43F9-9E66-20BC6B0DD9CC}.Release|Any CPU.ActiveCfg = Release|Any CPU
		{DFB344D1-3121-43F9-9E66-20BC6B0DD9CC}.Release|Any CPU.Build.0 = Release|Any CPU
		{DFB344D1-3121-43F9-9E66-20BC6B0DD9CC}.Release|x64.ActiveCfg = Release|Any CPU
		{DFB344D1-3121-43F9-9E66-20BC6B0DD9CC}.Release|x64.Build.0 = Release|Any CPU
		{DFB344D1-3121-43F9-9E66-20BC6B0DD9CC}.Release|x86.ActiveCfg = Release|Any CPU
		{DFB344D1-3121-43F9-9E66-20BC6B0DD9CC}.Release|x86.Build.0 = Release|Any CPU
	EndGlobalSection
	GlobalSection(SolutionProperties) = preSolution
		HideSolutionNode = FALSE
	EndGlobalSection
	GlobalSection(ExtensibilityGlobals) = postSolution
		SolutionGuid = {F6DDA96B-847E-4F6D-86EC-126800155219}
	EndGlobalSection
EndGlobal
